
Microsoft Visual Studio Solution File, Format Version 12.00
# Visual Studio Version 16
VisualStudioVersion = 16.0.30804.86
MinimumVisualStudioVersion = 10.0.40219.1
Project("{FAE04EC0-301F-11D3-BF4B-00C04F79EFBC}") = "Consola.Prueba", "Consola.Prueba\Consola.Prueba.csproj", "{9165C91C-9E87-46C5-869A-9D57B81D7D0F}"
EndProject
Global
	GlobalSection(SolutionConfigurationPlatforms) = preSolution
		Debug|Any CPU = Debug|Any CPU
		Release|Any CPU = Release|Any CPU
	EndGlobalSection
	GlobalSection(ProjectConfigurationPlatforms) = postSolution
		{9165C91C-9E87-46C5-869A-9D57B81D7D0F}.Debug|Any CPU.ActiveCfg = Debug|Any CPU
		{9165C91C-9E87-46C5-869A-9D57B81D7D0F}.Debug|Any CPU.Build.0 = Debug|Any CPU
		{9165C91C-9E87-46C5-869A-9D57B81D7D0F}.Release|Any CPU.ActiveCfg = Release|Any CPU
		{9165C91C-9E87-46C5-869A-9D57B81D7D0F}.Release|Any CPU.Build.0 = Release|Any CPU
	EndGlobalSection
	GlobalSection(SolutionProperties) = preSolution
		HideSolutionNode = FALSE
	EndGlobalSection
	GlobalSection(ExtensibilityGlobals) = postSolution
		SolutionGuid = {E5C18417-3790-452E-AAF5-69FBCECBE728}
	EndGlobalSection
EndGlobal
